
Microsoft Visual Studio Solution File, Format Version 12.00
# Visual Studio Version 17
VisualStudioVersion = 17.0.31903.59
MinimumVisualStudioVersion = 10.0.40219.1
Project("{2150E333-8FDC-42A3-9474-1A3956D46DE8}") = "src", "src", "{827E0CD3-B72D-47B6-A68D-7590B98EB39B}"
EndProject
Project("{FAE04EC0-301F-11D3-BF4B-00C04F79EFBC}") = "RetakeV4.Domain", "src\RetakeV4.Domain\RetakeV4.Domain.csproj", "{C48EB4B4-5D6E-418B-BFEE-31CD9C894C0A}"
EndProject
Project("{2150E333-8FDC-42A3-9474-1A3956D46DE8}") = "tests", "tests", "{0AB3BF05-4346-4AA6-1389-037BE0695223}"
EndProject
Project("{FAE04EC0-301F-11D3-BF4B-00C04F79EFBC}") = "RetakeV4.Domain.Tests", "tests\RetakeV4.Domain.Tests\RetakeV4.Domain.Tests.csproj", "{E74D18A2-24CA-41D6-86B6-E57A96FA6590}"
EndProject
Project("{FAE04EC0-301F-11D3-BF4B-00C04F79EFBC}") = "RetakeV4", "src\RetakeV4\RetakeV4.csproj", "{6E727A50-899C-4848-9A76-06A651AB7FAA}"
EndProject
Project("{FAE04EC0-301F-11D3-BF4B-00C04F79EFBC}") = "RetakeV4.Integration.Tests", "tests\RetakeV4.Integration.Tests\RetakeV4.Integration.Tests.csproj", "{9809572A-9DAE-4F97-98AF-9FFDA63A358F}"
EndProject
Project("{2150E333-8FDC-42A3-9474-1A3956D46DE8}") = "tools", "tools", "{07C2787E-EAC7-C090-1BA3-A61EC2A24D84}"
EndProject
Project("{FAE04EC0-301F-11D3-BF4B-00C04F79EFBC}") = "RetakeV4.SpawnMigrator", "tools\RetakeV4.SpawnMigrator\RetakeV4.SpawnMigrator.csproj", "{67072E11-8FD4-4689-BC7E-E487008403F0}"
EndProject
Project("{FAE04EC0-301F-11D3-BF4B-00C04F79EFBC}") = "RetakeV4.Contracts", "src\RetakeV4.Contracts\RetakeV4.Contracts.csproj", "{C50B0D8E-D32A-4A50-B6AA-A1F57FBB917A}"
EndProject
Project("{FAE04EC0-301F-11D3-BF4B-00C04F79EFBC}") = "RetakeV4.ConfigExporter", "tools\RetakeV4.ConfigExporter\RetakeV4.ConfigExporter.csproj", "{CEEB5AED-58AE-499B-B4C7-226B0A41B161}"
EndProject
Project("{FAE04EC0-301F-11D3-BF4B-00C04F79EFBC}") = "RetakeV4.ConfigCheck", "tools\RetakeV4.ConfigCheck\RetakeV4.ConfigCheck.csproj", "{369B21EC-C3D7-43A2-81C2-DDE10C084C51}"
EndProject
Global
	GlobalSection(SolutionConfigurationPlatforms) = preSolution
		Debug|Any CPU = Debug|Any CPU
		Debug|x64 = Debug|x64
		Debug|x86 = Debug|x86
		Release|Any CPU = Release|Any CPU
		Release|x64 = Release|x64
		Release|x86 = Release|x86
	EndGlobalSection
	GlobalSection(ProjectConfigurationPlatforms) = postSolution
		{C48EB4B4-5D6E-418B-BFEE-31CD9C894C0A}.Debug|Any CPU.ActiveCfg = Debug|Any CPU
		{C48EB4B4-5D6E-418B-BFEE-31CD9C894C0A}.Debug|Any CPU.Build.0 = Debug|Any CPU
		{C48EB4B4-5D6E-418B-BFEE-31CD9C894C0A}.Debug|x64.ActiveCfg = Debug|Any CPU
		{C48EB4B4-5D6E-418B-BFEE-31CD9C894C0A}.Debug|x64.Build.0 = Debug|Any CPU
		{C48EB4B4-5D6E-418B-BFEE-31CD9C894C0A}.Debug|x86.ActiveCfg = Debug|Any CPU
		{C48EB4B4-5D6E-418B-BFEE-31CD9C894C0A}.Debug|x86.Build.0 = Debug|Any CPU
		{C48EB4B4-5D6E-418B-BFEE-31CD9C894C0A}.Release|Any CPU.ActiveCfg = Release|Any CPU
		{C48EB4B4-5D6E-418B-BFEE-31CD9C894C0A}.Release|Any CPU.Build.0 = Release|Any CPU
		{C48EB4B4-5D6E-418B-BFEE-31CD9C894C0A}.Release|x64.ActiveCfg = Release|Any CPU
		{C48EB4B4-5D6E-418B-BFEE-31CD9C894C0A}.Release|x64.Build.0 = Release|Any CPU
		{C48EB4B4-5D6E-418B-BFEE-31CD9C894C0A}.Release|x86.ActiveCfg = Release|Any CPU
		{C48EB4B4-5D6E-418B-BFEE-31CD9C894C0A}.Release|x86.Build.0 = Release|Any CPU
		{E74D18A2-24CA-41D6-86B6-E57A96FA6590}.Debug|Any CPU.ActiveCfg = Debug|Any CPU
		{E74D18A2-24CA-41D6-86B6-E57A96FA6590}.Debug|Any CPU.Build.0 = Debug|Any CPU
		{E74D18A2-24CA-41D6-86B6-E57A96FA6590}.Debug|x64.ActiveCfg = Debug|Any CPU
		{E74D18A2-24CA-41D6-86B6-E57A96FA6590}.Debug|x64.Build.0 = Debug|Any CPU
		{E74D18A2-24CA-41D6-86B6-E57A96FA6590}.Debug|x86.ActiveCfg = Debug|Any CPU
		{E74D18A2-24CA-41D6-86B6-E57A96FA6590}.Debug|x86.Build.0 = Debug|Any CPU
		{E74D18A2-24CA-41D6-86B6-E57A96FA6590}.Release|Any CPU.ActiveCfg = Release|Any CPU
		{E74D18A2-24CA-41D6-86B6-E57A96FA6590}.Release|Any CPU.Build.0 = Release|Any CPU
		{E74D18A2-24CA-41D6-86B6-E57A96FA6590}.Release|x64.ActiveCfg = Release|Any CPU
		{E74D18A2-24CA-41D6-86B6-E57A96FA6590}.Release|x64.Build.0 = Release|Any CPU
		{E74D18A2-24CA-41D6-86B6-E57A96FA6590}.Release|x86.ActiveCfg = Release|Any CPU
		{E74D18A2-24CA-41D6-86B6-E57A96FA6590}.Release|x86.Build.0 = Release|Any CPU
		{6E727A50-899C-4848-9A76-06A651AB7FAA}.Debug|Any CPU.ActiveCfg = Debug|Any CPU
		{6E727A50-899C-4848-9A76-06A651AB7FAA}.Debug|Any CPU.Build.0 = Debug|Any CPU
		{6E727A50-899C-4848-9A76-06A651AB7FAA}.Debug|x64.ActiveCfg = Debug|Any CPU
		{6E727A50-899C-4848-9A76-06A651AB7FAA}.Debug|x64.Build.0 = Debug|Any CPU
		{6E727A50-899C-4848-9A76-06A651AB7FAA}.Debug|x86.ActiveCfg = Debug|Any CPU
		{6E727A50-899C-4848-9A76-06A651AB7FAA}.Debug|x86.Build.0 = Debug|Any CPU
		{6E727A50-899C-4848-9A76-06A651AB7FAA}.Release|Any CPU.ActiveCfg = Release|Any CPU
		{6E727A50-899C-4848-9A76-06A651AB7FAA}.Release|Any CPU.Build.0 = Release|Any CPU
		{6E727A50-899C-4848-9A76-06A651AB7FAA}.Release|x64.ActiveCfg = Release|Any CPU
		{6E727A50-899C-4848-9A76-06A651AB7FAA}.Release|x64.Build.0 = Release|Any CPU
		{6E727A50-899C-4848-9A76-06A651AB7FAA}.Release|x86.ActiveCfg = Release|Any CPU
		{6E727A50-899C-4848-9A76-06A651AB7FAA}.Release|x86.Build.0 = Release|Any CPU
		{9809572A-9DAE-4F97-98AF-9FFDA63A358F}.Debug|Any CPU.ActiveCfg = Debug|Any CPU
		{9809572A-9DAE-4F97-98AF-9FFDA63A358F}.Debug|Any CPU.Build.0 = Debug|Any CPU
		{9809572A-9DAE-4F97-98AF-9FFDA63A358F}.Debug|x64.ActiveCfg = Debug|Any CPU
		{9809572A-9DAE-4F97-98AF-9FFDA63A358F}.Debug|x64.Build.0 = Debug|Any CPU
		{9809572A-9DAE-4F97-98AF-9FFDA63A358F}.Debug|x86.ActiveCfg = Debug|Any CPU
		{9809572A-9DAE-4F97-98AF-9FFDA63A358F}.Debug|x86.Build.0 = Debug|Any CPU
		{9809572A-9DAE-4F97-98AF-9FFDA63A358F}.Release|Any CPU.ActiveCfg = Release|Any CPU
		{9809572A-9DAE-4F97-98AF-9FFDA63A358F}.Release|Any CPU.Build.0 = Release|Any CPU
		{9809572A-9DAE-4F97-98AF-9FFDA63A358F}.Release|x64.ActiveCfg = Release|Any CPU
		{9809572A-9DAE-4F97-98AF-9FFDA63A358F}.Release|x64.Build.0 = Release|Any CPU
		{9809572A-9DAE-4F97-98AF-9FFDA63A358F}.Release|x86.ActiveCfg = Release|Any CPU
		{9809572A-9DAE-4F97-98AF-9FFDA63A358F}.Release|x86.Build.0 = Release|Any CPU
		{67072E11-8FD4-4689-BC7E-E487008403F0}.Debug|Any CPU.ActiveCfg = Debug|Any CPU
		{67072E11-8FD4-4689-BC7E-E487008403F0}.Debug|Any CPU.Build.0 = Debug|Any CPU
		{67072E11-8FD4-4689-BC7E-E487008403F0}.Debug|x64.ActiveCfg = Debug|Any CPU
		{67072E11-8FD4-4689-BC7E-E487008403F0}.Debug|x64.Build.0 = Debug|Any CPU
		{67072E11-8FD4-4689-BC7E-E487008403F0}.Debug|x86.ActiveCfg = Debug|Any CPU
		{67072E11-8FD4-4689-BC7E-E487008403F0}.Debug|x86.Build.0 = Debug|Any CPU
		{67072E11-8FD4-4689-BC7E-E487008403F0}.Release|Any CPU.ActiveCfg = Release|Any CPU
		{67072E11-8FD4-4689-BC7E-E487008403F0}.Release|Any CPU.Build.0 = Release|Any CPU
		{67072E11-8FD4-4689-BC7E-E487008403F0}.Release|x64.ActiveCfg = Release|Any CPU
		{67072E11-8FD4-4689-BC7E-E487008403F0}.Release|x64.Build.0 = Release|Any CPU
		{67072E11-8FD4-4689-BC7E-E487008403F0}.Release|x86.ActiveCfg = Release|Any CPU
		{67072E11-8FD4-4689-BC7E-E487008403F0}.Release|x86.Build.0 = Release|Any CPU
		{C50B0D8E-D32A-4A50-B6AA-A1F57FBB917A}.Debug|Any CPU.ActiveCfg = Debug|Any CPU
		{C50B0D8E-D32A-4A50-B6AA-A1F57FBB917A}.Debug|Any CPU.Build.0 = Debug|Any CPU
		{C50B0D8E-D32A-4A50-B6AA-A1F57FBB917A}.Debug|x64.ActiveCfg = Debug|Any CPU
		{C50B0D8E-D32A-4A50-B6AA-A1F57FBB917A}.Debug|x64.Build.0 = Debug|Any CPU
		{C50B0D8E-D32A-4A50-B6AA-A1F57FBB917A}.Debug|x86.ActiveCfg = Debug|Any CPU
		{C50B0D8E-D32A-4A50-B6AA-A1F57FBB917A}.Debug|x86.Build.0 = Debug|Any CPU
		{C50B0D8E-D32A-4A50-B6AA-A1F57FBB917A}.Release|Any CPU.ActiveCfg = Release|Any CPU
		{C50B0D8E-D32A-4A50-B6AA-A1F57FBB917A}.Release|Any CPU.Build.0 = Release|Any CPU
		{C50B0D8E-D32A-4A50-B6AA-A1F57FBB917A}.Release|x64.ActiveCfg = Release|Any CPU
		{C50B0D8E-D32A-4A50-B6AA-A1F57FBB917A}.Release|x64.Build.0 = Release|Any CPU
		{C50B0D8E-D32A-4A50-B6AA-A1F57FBB917A}.Release|x86.ActiveCfg = Release|Any CPU
		{C50B0D8E-D32A-4A50-B6AA-A1F57FBB917A}.Release|x86.Build.0 = Release|Any CPU
		{CEEB5AED-58AE-499B-B4C7-226B0A41B161}.Debug|Any CPU.ActiveCfg = Debug|Any CPU
		{CEEB5AED-58AE-499B-B4C7-226B0A41B161}.Debug|Any CPU.Build.0 = Debug|Any CPU
		{CEEB5AED-58AE-499B-B4C7-226B0A41B161}.Debug|x64.ActiveCfg = Debug|Any CPU
		{CEEB5AED-58AE-499B-B4C7-226B0A41B161}.Debug|x64.Build.0 = Debug|Any CPU
		{CEEB5AED-58AE-499B-B4C7-226B0A41B161}.Debug|x86.ActiveCfg = Debug|Any CPU
		{CEEB5AED-58AE-499B-B4C7-226B0A41B161}.Debug|x86.Build.0 = Debug|Any CPU
		{CEEB5AED-58AE-499B-B4C7-226B0A41B161}.Release|Any CPU.ActiveCfg = Release|Any CPU
		{CEEB5AED-58AE-499B-B4C7-226B0A41B161}.Release|Any CPU.Build.0 = Release|Any CPU
		{CEEB5AED-58AE-499B-B4C7-226B0A41B161}.Release|x64.ActiveCfg = Release|Any CPU
		{CEEB5AED-58AE-499B-B4C7-226B0A41B161}.Release|x64.Build.0 = Release|Any CPU
		{CEEB5AED-58AE-499B-B4C7-226B0A41B161}.Release|x86.ActiveCfg = Release|Any CPU
		{CEEB5AED-58AE-499B-B4C7-226B0A41B161}.Release|x86.Build.0 = Release|Any CPU
		{369B21EC-C3D7-43A2-81C2-DDE10C084C51}.Debug|Any CPU.ActiveCfg = Debug|Any CPU
		{369B21EC-C3D7-43A2-81C2-DDE10C084C51}.Debug|Any CPU.Build.0 = Debug|Any CPU
		{369B21EC-C3D7-43A2-81C2-DDE10C084C51}.Debug|x64.ActiveCfg = Debug|Any CPU
		{369B21EC-C3D7-43A2-81C2-DDE10C084C51}.Debug|x64.Build.0 = Debug|Any CPU
		{369B21EC-C3D7-43A2-81C2-DDE10C084C51}.Debug|x86.ActiveCfg = Debug|Any CPU
		{369B21EC-C3D7-43A2-81C2-DDE10C084C51}.Debug|x86.Build.0 = Debug|Any CPU
		{369B21EC-C3D7-43A2-81C2-DDE10C084C51}.Release|Any CPU.ActiveCfg = Release|Any CPU
		{369B21EC-C3D7-43A2-81C2-DDE10C084C51}.Release|Any CPU.Build.0 = Release|Any CPU
		{369B21EC-C3D7-43A2-81C2-DDE10C084C51}.Release|x64.ActiveCfg = Release|Any CPU
		{369B21EC-C3D7-43A2-81C2-DDE10C084C51}.Release|x64.Build.0 = Release|Any CPU
		{369B21EC-C3D7-43A2-81C2-DDE10C084C51}.Release|x86.ActiveCfg = Release|Any CPU
		{369B21EC-C3D7-43A2-81C2-DDE10C084C51}.Release|x86.Build.0 = Release|Any CPU
	EndGlobalSection
	GlobalSection(SolutionProperties) = preSolution
		HideSolutionNode = FALSE
	EndGlobalSection
	GlobalSection(NestedProjects) = preSolution
		{C48EB4B4-5D6E-418B-BFEE-31CD9C894C0A} = {827E0CD3-B72D-47B6-A68D-7590B98EB39B}
		{E74D18A2-24CA-41D6-86B6-E57A96FA6590} = {0AB3BF05-4346-4AA6-1389-037BE0695223}
		{6E727A50-899C-4848-9A76-06A651AB7FAA} = {827E0CD3-B72D-47B6-A68D-7590B98EB39B}
		{9809572A-9DAE-4F97-98AF-9FFDA63A358F} = {0AB3BF05-4346-4AA6-1389-037BE0695223}
		{67072E11-8FD4-4689-BC7E-E487008403F0} = {07C2787E-EAC7-C090-1BA3-A61EC2A24D84}
		{C50B0D8E-D32A-4A50-B6AA-A1F57FBB917A} = {827E0CD3-B72D-47B6-A68D-7590B98EB39B}
		{CEEB5AED-58AE-499B-B4C7-226B0A41B161} = {07C2787E-EAC7-C090-1BA3-A61EC2A24D84}
		{369B21EC-C3D7-43A2-81C2-DDE10C084C51} = {07C2787E-EAC7-C090-1BA3-A61EC2A24D84}
	EndGlobalSection
EndGlobal
